
Microsoft Visual Studio Solution File, Format Version 12.00
# Visual Studio Version 17
VisualStudioVersion = 17.0.32126.317
MinimumVisualStudioVersion = 10.0.40219.1
Project("{FAE04EC0-301F-11D3-BF4B-00C04F79EFBC}") = "Inloggegevens", "Inloggegevens\Inloggegevens.csproj", "{3E63B4E0-5A0C-4330-A174-E2D2ECB93879}"
EndProject
Global
	GlobalSection(SolutionConfigurationPlatforms) = preSolution
		Debug|Any CPU = Debug|Any CPU
		Release|Any CPU = Release|Any CPU
	EndGlobalSection
	GlobalSection(ProjectConfigurationPlatforms) = postSolution
		{3E63B4E0-5A0C-4330-A174-E2D2ECB93879}.Debug|Any CPU.ActiveCfg = Debug|Any CPU
		{3E63B4E0-5A0C-4330-A174-E2D2ECB93879}.Debug|Any CPU.Build.0 = Debug|Any CPU
		{3E63B4E0-5A0C-4330-A174-E2D2ECB93879}.Release|Any CPU.ActiveCfg = Release|Any CPU
		{3E63B4E0-5A0C-4330-A174-E2D2ECB93879}.Release|Any CPU.Build.0 = Release|Any CPU
	EndGlobalSection
	GlobalSection(SolutionProperties) = preSolution
		HideSolutionNode = FALSE
	EndGlobalSection
	GlobalSection(ExtensibilityGlobals) = postSolution
		SolutionGuid = {2A19DA5A-D2C3-4DFD-AA5D-374437722FD7}
	EndGlobalSection
EndGlobal
