
Microsoft Visual Studio Solution File, Format Version 12.00
# Blend for Visual Studio Version 17
VisualStudioVersion = 17.0.32126.317
MinimumVisualStudioVersion = 10.0.40219.1
Project("{FAE04EC0-301F-11D3-BF4B-00C04F79EFBC}") = "project B", "project B\project B.csproj", "{F799A0A5-BFFB-4353-ACB2-9D1906A303DD}"
EndProject
Global
	GlobalSection(SolutionConfigurationPlatforms) = preSolution
		Debug|Any CPU = Debug|Any CPU
		Release|Any CPU = Release|Any CPU
	EndGlobalSection
	GlobalSection(ProjectConfigurationPlatforms) = postSolution
		{F799A0A5-BFFB-4353-ACB2-9D1906A303DD}.Debug|Any CPU.ActiveCfg = Debug|Any CPU
		{F799A0A5-BFFB-4353-ACB2-9D1906A303DD}.Debug|Any CPU.Build.0 = Debug|Any CPU
		{F799A0A5-BFFB-4353-ACB2-9D1906A303DD}.Release|Any CPU.ActiveCfg = Release|Any CPU
		{F799A0A5-BFFB-4353-ACB2-9D1906A303DD}.Release|Any CPU.Build.0 = Release|Any CPU
	EndGlobalSection
	GlobalSection(SolutionProperties) = preSolution
		HideSolutionNode = FALSE
	EndGlobalSection
	GlobalSection(ExtensibilityGlobals) = postSolution
		SolutionGuid = {944F344E-4B72-450A-A8E6-7C937097441C}
	EndGlobalSection
EndGlobal
